
Microsoft Visual Studio Solution File, Format Version 11.00
# Visual Studio 2010
Project("{8BC9CEB8-8B4A-11D0-8D11-00A0C91BC942}") = "Battle Cars", "Battle Cars\Battle Cars.vcxproj", "{A7A6C2CB-C9CE-42CA-95F9-9959BBC00ACC}"
EndProject
Global
	GlobalSection(SolutionConfigurationPlatforms) = preSolution
		Debug|Win32 = Debug|Win32
		Release|Win32 = Release|Win32
	EndGlobalSection
	GlobalSection(ProjectConfigurationPlatforms) = postSolution
		{A7A6C2CB-C9CE-42CA-95F9-9959BBC00ACC}.Debug|Win32.ActiveCfg = Debug|Win32
		{A7A6C2CB-C9CE-42CA-95F9-9959BBC00ACC}.Debug|Win32.Build.0 = Debug|Win32
		{A7A6C2CB-C9CE-42CA-95F9-9959BBC00ACC}.Release|Win32.ActiveCfg = Release|Win32
		{A7A6C2CB-C9CE-42CA-95F9-9959BBC00ACC}.Release|Win32.Build.0 = Release|Win32
	EndGlobalSection
	GlobalSection(SolutionProperties) = preSolution
		HideSolutionNode = FALSE
	EndGlobalSection
EndGlobal
